
Microsoft Visual Studio Solution File, Format Version 12.00
# Visual Studio Version 17
VisualStudioVersion = 17.9.34622.214
MinimumVisualStudioVersion = 10.0.40219.1
Project("{9A19103F-16F7-4668-BE54-9A1E7A4F7556}") = "MoneyTracking.Web", "MoneyTracking.Web\MoneyTracking.Web.csproj", "{8DD2E885-70DD-4DE8-B4D4-0237EBA03F80}"
EndProject
Project("{9A19103F-16F7-4668-BE54-9A1E7A4F7556}") = "MoneyTracking.Data", "MoneyTracking.Data\MoneyTracking.Data.csproj", "{68168AE1-1ECF-4DC7-996D-FDB00061D4DB}"
EndProject
Project("{9A19103F-16F7-4668-BE54-9A1E7A4F7556}") = "MoneyTracking.Infrastructure", "MoneyTracking.Infrastructure\MoneyTracking.Infrastructure.csproj", "{78A353E3-9BCC-4B1C-8CA8-A692B84D1769}"
EndProject
Global
	GlobalSection(SolutionConfigurationPlatforms) = preSolution
		Debug|Any CPU = Debug|Any CPU
		Release|Any CPU = Release|Any CPU
	EndGlobalSection
	GlobalSection(ProjectConfigurationPlatforms) = postSolution
		{8DD2E885-70DD-4DE8-B4D4-0237EBA03F80}.Debug|Any CPU.ActiveCfg = Debug|Any CPU
		{8DD2E885-70DD-4DE8-B4D4-0237EBA03F80}.Debug|Any CPU.Build.0 = Debug|Any CPU
		{8DD2E885-70DD-4DE8-B4D4-0237EBA03F80}.Release|Any CPU.ActiveCfg = Release|Any CPU
		{8DD2E885-70DD-4DE8-B4D4-0237EBA03F80}.Release|Any CPU.Build.0 = Release|Any CPU
		{68168AE1-1ECF-4DC7-996D-FDB00061D4DB}.Debug|Any CPU.ActiveCfg = Debug|Any CPU
		{68168AE1-1ECF-4DC7-996D-FDB00061D4DB}.Debug|Any CPU.Build.0 = Debug|Any CPU
		{68168AE1-1ECF-4DC7-996D-FDB00061D4DB}.Release|Any CPU.ActiveCfg = Release|Any CPU
		{68168AE1-1ECF-4DC7-996D-FDB00061D4DB}.Release|Any CPU.Build.0 = Release|Any CPU
		{78A353E3-9BCC-4B1C-8CA8-A692B84D1769}.Debug|Any CPU.ActiveCfg = Debug|Any CPU
		{78A353E3-9BCC-4B1C-8CA8-A692B84D1769}.Debug|Any CPU.Build.0 = Debug|Any CPU
		{78A353E3-9BCC-4B1C-8CA8-A692B84D1769}.Release|Any CPU.ActiveCfg = Release|Any CPU
		{78A353E3-9BCC-4B1C-8CA8-A692B84D1769}.Release|Any CPU.Build.0 = Release|Any CPU
	EndGlobalSection
	GlobalSection(SolutionProperties) = preSolution
		HideSolutionNode = FALSE
	EndGlobalSection
	GlobalSection(ExtensibilityGlobals) = postSolution
		SolutionGuid = {4C7C1979-CCEB-4F88-8186-D8EDFF9C204D}
	EndGlobalSection
EndGlobal
